
Microsoft Visual Studio Solution File, Format Version 12.00
# Visual Studio Version 17
VisualStudioVersion = 17.4.33205.214
MinimumVisualStudioVersion = 10.0.40219.1
Project("{FAE04EC0-301F-11D3-BF4B-00C04F79EFBC}") = "DevWenPrj", "DevWenPrj\DevWenPrj.csproj", "{5F028031-9EF4-4069-AC6C-C2D926D5D214}"
EndProject
Global
	GlobalSection(SolutionConfigurationPlatforms) = preSolution
		Debug|Any CPU = Debug|Any CPU
		Release|Any CPU = Release|Any CPU
	EndGlobalSection
	GlobalSection(ProjectConfigurationPlatforms) = postSolution
		{5F028031-9EF4-4069-AC6C-C2D926D5D214}.Debug|Any CPU.ActiveCfg = Debug|Any CPU
		{5F028031-9EF4-4069-AC6C-C2D926D5D214}.Debug|Any CPU.Build.0 = Debug|Any CPU
		{5F028031-9EF4-4069-AC6C-C2D926D5D214}.Release|Any CPU.ActiveCfg = Release|Any CPU
		{5F028031-9EF4-4069-AC6C-C2D926D5D214}.Release|Any CPU.Build.0 = Release|Any CPU
	EndGlobalSection
	GlobalSection(SolutionProperties) = preSolution
		HideSolutionNode = FALSE
	EndGlobalSection
	GlobalSection(ExtensibilityGlobals) = postSolution
		SolutionGuid = {8BFA0685-10C7-4E63-A2AA-D9C69998F3F6}
	EndGlobalSection
EndGlobal
